
Microsoft Visual Studio Solution File, Format Version 12.00
Project("{FAE04EC0-301F-11D3-BF4B-00C04F79EFBC}") = "Raycoon.RayMigrator.Console", "Raycoon.RayMigrator.Console\Raycoon.RayMigrator.Console.csproj", "{AB25DF86-3E01-4642-A093-F5128B1FDB3B}"
EndProject
Project("{FAE04EC0-301F-11D3-BF4B-00C04F79EFBC}") = "Raycoon.RayMigrator.Core", "Raycoon.RayMigrator.Core\Raycoon.RayMigrator.Core.csproj", "{1BE91EAF-F370-44A3-956A-58A3EEC321DE}"
EndProject
Project("{FAE04EC0-301F-11D3-BF4B-00C04F79EFBC}") = "Raycoon.RayMigrator.Database", "Raycoon.RayMigrator.Database\Raycoon.RayMigrator.Database.csproj", "{756877E8-4FED-465D-8EAE-CEE575CF6A97}"
EndProject
Project("{FAE04EC0-301F-11D3-BF4B-00C04F79EFBC}") = "Raycoon.RayMigrator.Database.Common", "Raycoon.RayMigrator.Database.Common\Raycoon.RayMigrator.Database.Common.csproj", "{74595E46-C3D8-4284-BEEA-9B9157268A18}"
EndProject
Project("{FAE04EC0-301F-11D3-BF4B-00C04F79EFBC}") = "Raycoon.RayMigrator.Infrastructure", "Raycoon.RayMigrator.Infrastructure\Raycoon.RayMigrator.Infrastructure.csproj", "{03AC9668-71DE-44F9-B0B0-16E267702163}"
EndProject
Project("{FAE04EC0-301F-11D3-BF4B-00C04F79EFBC}") = "Raycoon.RayMigrator.Shared", "Raycoon.RayMigrator.Shared\Raycoon.RayMigrator.Shared.csproj", "{2C8C2175-D0E6-4933-8013-E45616C37C9B}"
EndProject
Project("{FAE04EC0-301F-11D3-BF4B-00C04F79EFBC}") = "Raycoon.RayMigrator.Services.Abstractions", "Raycoon.RayMigrator.Services.Abstractions\Raycoon.RayMigrator.Services.Abstractions.csproj", "{D4A89B45-5C72-4E89-B123-F8A3D2E4C5A7}"
EndProject
Project("{FAE04EC0-301F-11D3-BF4B-00C04F79EFBC}") = "Raycoon.RayMigrator.Services", "Raycoon.RayMigrator.Services\Raycoon.RayMigrator.Services.csproj", "{E5B98C56-6D83-4F90-C234-F9B4E3F5D6B8}"
EndProject
Project("{FAE04EC0-301F-11D3-BF4B-00C04F79EFBC}") = "Raycoon.RayMigrator.Tests.Unit", "Raycoon.RayMigrator.Tests.Unit\Raycoon.RayMigrator.Tests.Unit.csproj", "{529B7235-E7BB-4678-AF3A-1FE0059CCA2D}"
EndProject
Project("{FAE04EC0-301F-11D3-BF4B-00C04F79EFBC}") = "Raycoon.RayMigrator.Database.SqlServer", "Raycoon.RayMigrator.Database.SqlServer\Raycoon.RayMigrator.Database.SqlServer.csproj", "{3C10A586-0FF8-4040-9C16-D21780476482}"
EndProject
Project("{FAE04EC0-301F-11D3-BF4B-00C04F79EFBC}") = "Raycoon.RayMigrator.Database.PostgreSQL", "Raycoon.RayMigrator.Database.PostgreSQL\Raycoon.RayMigrator.Database.PostgreSQL.csproj", "{40D0ED15-308D-439C-BC6F-4CFA338A9251}"
EndProject
Project("{FAE04EC0-301F-11D3-BF4B-00C04F79EFBC}") = "Raycoon.RayMigrator.Database.MariaDb", "Raycoon.RayMigrator.Database.MariaDb\Raycoon.RayMigrator.Database.MariaDb.csproj", "{A51F8803-ED10-4023-B6C2-D65FF7305311}"
EndProject
Project("{FAE04EC0-301F-11D3-BF4B-00C04F79EFBC}") = "Raycoon.RayMigrator.Database.MySql", "Raycoon.RayMigrator.Database.MySql\Raycoon.RayMigrator.Database.MySql.csproj", "{AD4AFC70-55B8-4626-BA6C-639EBC57CCCA}"
EndProject
Project("{FAE04EC0-301F-11D3-BF4B-00C04F79EFBC}") = "Raycoon.RayMigrator.Database.Example", "Raycoon.RayMigrator.Database.Example\Raycoon.RayMigrator.Database.Example.csproj", "{B4F2F25F-DB8F-452E-810A-07F73115563D}"
EndProject
Project("{FAE04EC0-301F-11D3-BF4B-00C04F79EFBC}") = "Raycoon.RayMigrator.Database.Sqlite", "Raycoon.RayMigrator.Database.Sqlite\Raycoon.RayMigrator.Database.Sqlite.csproj", "{6535EBED-13A7-4514-B8CD-20A0C1D2DE45}"
EndProject
Project("{FAE04EC0-301F-11D3-BF4B-00C04F79EFBC}") = "Raycoon.RayMigrator.Pipeline", "Raycoon.RayMigrator.Pipeline\Raycoon.RayMigrator.Pipeline.csproj", "{6315D010-F907-48B1-9457-5DF970B0B9CE}"
EndProject
Project("{FAE04EC0-301F-11D3-BF4B-00C04F79EFBC}") = "Raycoon.RayMigrator.Testing", "Raycoon.RayMigrator.Testing\Raycoon.RayMigrator.Testing.csproj", "{88CE535F-8F1A-4198-80E2-41391DE25C8B}"
EndProject
Project("{FAE04EC0-301F-11D3-BF4B-00C04F79EFBC}") = "Raycoon.RayMigrator.Tests.Engine", "Raycoon.RayMigrator.Tests.Engine\Raycoon.RayMigrator.Tests.Engine.csproj", "{B6C51DF4-2E05-4DDB-BA3D-373DCE4263AA}"
EndProject
Project("{FAE04EC0-301F-11D3-BF4B-00C04F79EFBC}") = "Raycoon.RayMigrator.ConfigWizard.Core", "Raycoon.RayMigrator.ConfigWizard.Core\Raycoon.RayMigrator.ConfigWizard.Core.csproj", "{48BA5692-3E78-4494-AAA4-B616EE4831EC}"
EndProject
Project("{FAE04EC0-301F-11D3-BF4B-00C04F79EFBC}") = "Raycoon.RayMigrator.Tests.Unit.ConfigWizard.Core", "Raycoon.RayMigrator.Tests.Unit.ConfigWizard.Core\Raycoon.RayMigrator.Tests.Unit.ConfigWizard.Core.csproj", "{D5C2A5F4-0924-4DC1-86C2-29E5F4FD6C80}"
EndProject
Project("{FAE04EC0-301F-11D3-BF4B-00C04F79EFBC}") = "Raycoon.RayMigrator.ConfigWizard.Web", "Raycoon.RayMigrator.ConfigWizard.Web\Raycoon.RayMigrator.ConfigWizard.Web.csproj", "{FD34468E-97DA-4435-8B1B-E90BE2B9A047}"
EndProject
Project("{FAE04EC0-301F-11D3-BF4B-00C04F79EFBC}") = "Raycoon.RayMigrator.Tests.Unit.ConfigWizard.Web", "Raycoon.RayMigrator.Tests.Unit.ConfigWizard.Web\Raycoon.RayMigrator.Tests.Unit.ConfigWizard.Web.csproj", "{A8C7E351-5F12-4B9D-AA81-3F27B6E4D9C5}"
EndProject
Project("{FAE04EC0-301F-11D3-BF4B-00C04F79EFBC}") = "Raycoon.RayMigrator.Validation", "Raycoon.RayMigrator.Validation\Raycoon.RayMigrator.Validation.csproj", "{53E61230-CB38-4590-B489-E3F0C136CA20}"
EndProject
Project("{FAE04EC0-301F-11D3-BF4B-00C04F79EFBC}") = "Raycoon.RayMigrator.Tests.Unit.Validation", "Raycoon.RayMigrator.Tests.Unit.Validation\Raycoon.RayMigrator.Tests.Unit.Validation.csproj", "{8A04DFE0-65C7-4474-AA1A-1E44A0E2A33F}"
EndProject
Global
	GlobalSection(SolutionConfigurationPlatforms) = preSolution
		Debug|Any CPU = Debug|Any CPU
		Debug|x64 = Debug|x64
		Debug|x86 = Debug|x86
		Release|Any CPU = Release|Any CPU
		Release|x64 = Release|x64
		Release|x86 = Release|x86
	EndGlobalSection
	GlobalSection(ProjectConfigurationPlatforms) = postSolution
		{AB25DF86-3E01-4642-A093-F5128B1FDB3B}.Debug|Any CPU.ActiveCfg = Debug|Any CPU
		{AB25DF86-3E01-4642-A093-F5128B1FDB3B}.Debug|Any CPU.Build.0 = Debug|Any CPU
		{AB25DF86-3E01-4642-A093-F5128B1FDB3B}.Debug|x64.ActiveCfg = Debug|Any CPU
		{AB25DF86-3E01-4642-A093-F5128B1FDB3B}.Debug|x64.Build.0 = Debug|Any CPU
		{AB25DF86-3E01-4642-A093-F5128B1FDB3B}.Debug|x86.ActiveCfg = Debug|Any CPU
		{AB25DF86-3E01-4642-A093-F5128B1FDB3B}.Debug|x86.Build.0 = Debug|Any CPU
		{AB25DF86-3E01-4642-A093-F5128B1FDB3B}.Release|Any CPU.ActiveCfg = Release|Any CPU
		{AB25DF86-3E01-4642-A093-F5128B1FDB3B}.Release|Any CPU.Build.0 = Release|Any CPU
		{AB25DF86-3E01-4642-A093-F5128B1FDB3B}.Release|x64.ActiveCfg = Release|Any CPU
		{AB25DF86-3E01-4642-A093-F5128B1FDB3B}.Release|x64.Build.0 = Release|Any CPU
		{AB25DF86-3E01-4642-A093-F5128B1FDB3B}.Release|x86.ActiveCfg = Release|Any CPU
		{AB25DF86-3E01-4642-A093-F5128B1FDB3B}.Release|x86.Build.0 = Release|Any CPU
		{1BE91EAF-F370-44A3-956A-58A3EEC321DE}.Debug|Any CPU.ActiveCfg = Debug|Any CPU
		{1BE91EAF-F370-44A3-956A-58A3EEC321DE}.Debug|Any CPU.Build.0 = Debug|Any CPU
		{1BE91EAF-F370-44A3-956A-58A3EEC321DE}.Debug|x64.ActiveCfg = Debug|Any CPU
		{1BE91EAF-F370-44A3-956A-58A3EEC321DE}.Debug|x64.Build.0 = Debug|Any CPU
		{1BE91EAF-F370-44A3-956A-58A3EEC321DE}.Debug|x86.ActiveCfg = Debug|Any CPU
		{1BE91EAF-F370-44A3-956A-58A3EEC321DE}.Debug|x86.Build.0 = Debug|Any CPU
		{1BE91EAF-F370-44A3-956A-58A3EEC321DE}.Release|Any CPU.ActiveCfg = Release|Any CPU
		{1BE91EAF-F370-44A3-956A-58A3EEC321DE}.Release|Any CPU.Build.0 = Release|Any CPU
		{1BE91EAF-F370-44A3-956A-58A3EEC321DE}.Release|x64.ActiveCfg = Release|Any CPU
		{1BE91EAF-F370-44A3-956A-58A3EEC321DE}.Release|x64.Build.0 = Release|Any CPU
		{1BE91EAF-F370-44A3-956A-58A3EEC321DE}.Release|x86.ActiveCfg = Release|Any CPU
		{1BE91EAF-F370-44A3-956A-58A3EEC321DE}.Release|x86.Build.0 = Release|Any CPU
		{756877E8-4FED-465D-8EAE-CEE575CF6A97}.Debug|Any CPU.ActiveCfg = Debug|Any CPU
		{756877E8-4FED-465D-8EAE-CEE575CF6A97}.Debug|Any CPU.Build.0 = Debug|Any CPU
		{756877E8-4FED-465D-8EAE-CEE575CF6A97}.Debug|x64.ActiveCfg = Debug|Any CPU
		{756877E8-4FED-465D-8EAE-CEE575CF6A97}.Debug|x64.Build.0 = Debug|Any CPU
		{756877E8-4FED-465D-8EAE-CEE575CF6A97}.Debug|x86.ActiveCfg = Debug|Any CPU
		{756877E8-4FED-465D-8EAE-CEE575CF6A97}.Debug|x86.Build.0 = Debug|Any CPU
		{756877E8-4FED-465D-8EAE-CEE575CF6A97}.Release|Any CPU.ActiveCfg = Release|Any CPU
		{756877E8-4FED-465D-8EAE-CEE575CF6A97}.Release|Any CPU.Build.0 = Release|Any CPU
		{756877E8-4FED-465D-8EAE-CEE575CF6A97}.Release|x64.ActiveCfg = Release|Any CPU
		{756877E8-4FED-465D-8EAE-CEE575CF6A97}.Release|x64.Build.0 = Release|Any CPU
		{756877E8-4FED-465D-8EAE-CEE575CF6A97}.Release|x86.ActiveCfg = Release|Any CPU
		{756877E8-4FED-465D-8EAE-CEE575CF6A97}.Release|x86.Build.0 = Release|Any CPU
		{74595E46-C3D8-4284-BEEA-9B9157268A18}.Debug|Any CPU.ActiveCfg = Debug|Any CPU
		{74595E46-C3D8-4284-BEEA-9B9157268A18}.Debug|Any CPU.Build.0 = Debug|Any CPU
		{74595E46-C3D8-4284-BEEA-9B9157268A18}.Debug|x64.ActiveCfg = Debug|Any CPU
		{74595E46-C3D8-4284-BEEA-9B9157268A18}.Debug|x64.Build.0 = Debug|Any CPU
		{74595E46-C3D8-4284-BEEA-9B9157268A18}.Debug|x86.ActiveCfg = Debug|Any CPU
		{74595E46-C3D8-4284-BEEA-9B9157268A18}.Debug|x86.Build.0 = Debug|Any CPU
		{74595E46-C3D8-4284-BEEA-9B9157268A18}.Release|Any CPU.ActiveCfg = Release|Any CPU
		{74595E46-C3D8-4284-BEEA-9B9157268A18}.Release|Any CPU.Build.0 = Release|Any CPU
		{74595E46-C3D8-4284-BEEA-9B9157268A18}.Release|x64.ActiveCfg = Release|Any CPU
		{74595E46-C3D8-4284-BEEA-9B9157268A18}.Release|x64.Build.0 = Release|Any CPU
		{74595E46-C3D8-4284-BEEA-9B9157268A18}.Release|x86.ActiveCfg = Release|Any CPU
		{74595E46-C3D8-4284-BEEA-9B9157268A18}.Release|x86.Build.0 = Release|Any CPU
		{03AC9668-71DE-44F9-B0B0-16E267702163}.Debug|Any CPU.ActiveCfg = Debug|Any CPU
		{03AC9668-71DE-44F9-B0B0-16E267702163}.Debug|Any CPU.Build.0 = Debug|Any CPU
		{03AC9668-71DE-44F9-B0B0-16E267702163}.Debug|x64.ActiveCfg = Debug|Any CPU
		{03AC9668-71DE-44F9-B0B0-16E267702163}.Debug|x64.Build.0 = Debug|Any CPU
		{03AC9668-71DE-44F9-B0B0-16E267702163}.Debug|x86.ActiveCfg = Debug|Any CPU
		{03AC9668-71DE-44F9-B0B0-16E267702163}.Debug|x86.Build.0 = Debug|Any CPU
		{03AC9668-71DE-44F9-B0B0-16E267702163}.Release|Any CPU.ActiveCfg = Release|Any CPU
		{03AC9668-71DE-44F9-B0B0-16E267702163}.Release|Any CPU.Build.0 = Release|Any CPU
		{03AC9668-71DE-44F9-B0B0-16E267702163}.Release|x64.ActiveCfg = Release|Any CPU
		{03AC9668-71DE-44F9-B0B0-16E267702163}.Release|x64.Build.0 = Release|Any CPU
		{03AC9668-71DE-44F9-B0B0-16E267702163}.Release|x86.ActiveCfg = Release|Any CPU
		{03AC9668-71DE-44F9-B0B0-16E267702163}.Release|x86.Build.0 = Release|Any CPU
		{2C8C2175-D0E6-4933-8013-E45616C37C9B}.Debug|Any CPU.ActiveCfg = Debug|Any CPU
		{2C8C2175-D0E6-4933-8013-E45616C37C9B}.Debug|Any CPU.Build.0 = Debug|Any CPU
		{2C8C2175-D0E6-4933-8013-E45616C37C9B}.Debug|x64.ActiveCfg = Debug|Any CPU
		{2C8C2175-D0E6-4933-8013-E45616C37C9B}.Debug|x64.Build.0 = Debug|Any CPU
		{2C8C2175-D0E6-4933-8013-E45616C37C9B}.Debug|x86.ActiveCfg = Debug|Any CPU
		{2C8C2175-D0E6-4933-8013-E45616C37C9B}.Debug|x86.Build.0 = Debug|Any CPU
		{2C8C2175-D0E6-4933-8013-E45616C37C9B}.Release|Any CPU.ActiveCfg = Release|Any CPU
		{2C8C2175-D0E6-4933-8013-E45616C37C9B}.Release|Any CPU.Build.0 = Release|Any CPU
		{2C8C2175-D0E6-4933-8013-E45616C37C9B}.Release|x64.ActiveCfg = Release|Any CPU
		{2C8C2175-D0E6-4933-8013-E45616C37C9B}.Release|x64.Build.0 = Release|Any CPU
		{2C8C2175-D0E6-4933-8013-E45616C37C9B}.Release|x86.ActiveCfg = Release|Any CPU
		{2C8C2175-D0E6-4933-8013-E45616C37C9B}.Release|x86.Build.0 = Release|Any CPU
		{D4A89B45-5C72-4E89-B123-F8A3D2E4C5A7}.Debug|Any CPU.ActiveCfg = Debug|Any CPU
		{D4A89B45-5C72-4E89-B123-F8A3D2E4C5A7}.Debug|Any CPU.Build.0 = Debug|Any CPU
		{D4A89B45-5C72-4E89-B123-F8A3D2E4C5A7}.Debug|x64.ActiveCfg = Debug|Any CPU
		{D4A89B45-5C72-4E89-B123-F8A3D2E4C5A7}.Debug|x64.Build.0 = Debug|Any CPU
		{D4A89B45-5C72-4E89-B123-F8A3D2E4C5A7}.Debug|x86.ActiveCfg = Debug|Any CPU
		{D4A89B45-5C72-4E89-B123-F8A3D2E4C5A7}.Debug|x86.Build.0 = Debug|Any CPU
		{D4A89B45-5C72-4E89-B123-F8A3D2E4C5A7}.Release|Any CPU.ActiveCfg = Release|Any CPU
		{D4A89B45-5C72-4E89-B123-F8A3D2E4C5A7}.Release|Any CPU.Build.0 = Release|Any CPU
		{D4A89B45-5C72-4E89-B123-F8A3D2E4C5A7}.Release|x64.ActiveCfg = Release|Any CPU
		{D4A89B45-5C72-4E89-B123-F8A3D2E4C5A7}.Release|x64.Build.0 = Release|Any CPU
		{D4A89B45-5C72-4E89-B123-F8A3D2E4C5A7}.Release|x86.ActiveCfg = Release|Any CPU
		{D4A89B45-5C72-4E89-B123-F8A3D2E4C5A7}.Release|x86.Build.0 = Release|Any CPU
		{E5B98C56-6D83-4F90-C234-F9B4E3F5D6B8}.Debug|Any CPU.ActiveCfg = Debug|Any CPU
		{E5B98C56-6D83-4F90-C234-F9B4E3F5D6B8}.Debug|Any CPU.Build.0 = Debug|Any CPU
		{E5B98C56-6D83-4F90-C234-F9B4E3F5D6B8}.Debug|x64.ActiveCfg = Debug|Any CPU
		{E5B98C56-6D83-4F90-C234-F9B4E3F5D6B8}.Debug|x64.Build.0 = Debug|Any CPU
		{E5B98C56-6D83-4F90-C234-F9B4E3F5D6B8}.Debug|x86.ActiveCfg = Debug|Any CPU
		{E5B98C56-6D83-4F90-C234-F9B4E3F5D6B8}.Debug|x86.Build.0 = Debug|Any CPU
		{E5B98C56-6D83-4F90-C234-F9B4E3F5D6B8}.Release|Any CPU.ActiveCfg = Release|Any CPU
		{E5B98C56-6D83-4F90-C234-F9B4E3F5D6B8}.Release|Any CPU.Build.0 = Release|Any CPU
		{E5B98C56-6D83-4F90-C234-F9B4E3F5D6B8}.Release|x64.ActiveCfg = Release|Any CPU
		{E5B98C56-6D83-4F90-C234-F9B4E3F5D6B8}.Release|x64.Build.0 = Release|Any CPU
		{E5B98C56-6D83-4F90-C234-F9B4E3F5D6B8}.Release|x86.ActiveCfg = Release|Any CPU
		{E5B98C56-6D83-4F90-C234-F9B4E3F5D6B8}.Release|x86.Build.0 = Release|Any CPU
		{529B7235-E7BB-4678-AF3A-1FE0059CCA2D}.Debug|Any CPU.ActiveCfg = Debug|Any CPU
		{529B7235-E7BB-4678-AF3A-1FE0059CCA2D}.Debug|Any CPU.Build.0 = Debug|Any CPU
		{529B7235-E7BB-4678-AF3A-1FE0059CCA2D}.Debug|x64.ActiveCfg = Debug|Any CPU
		{529B7235-E7BB-4678-AF3A-1FE0059CCA2D}.Debug|x64.Build.0 = Debug|Any CPU
		{529B7235-E7BB-4678-AF3A-1FE0059CCA2D}.Debug|x86.ActiveCfg = Debug|Any CPU
		{529B7235-E7BB-4678-AF3A-1FE0059CCA2D}.Debug|x86.Build.0 = Debug|Any CPU
		{529B7235-E7BB-4678-AF3A-1FE0059CCA2D}.Release|Any CPU.ActiveCfg = Release|Any CPU
		{529B7235-E7BB-4678-AF3A-1FE0059CCA2D}.Release|Any CPU.Build.0 = Release|Any CPU
		{529B7235-E7BB-4678-AF3A-1FE0059CCA2D}.Release|x64.ActiveCfg = Release|Any CPU
		{529B7235-E7BB-4678-AF3A-1FE0059CCA2D}.Release|x64.Build.0 = Release|Any CPU
		{529B7235-E7BB-4678-AF3A-1FE0059CCA2D}.Release|x86.ActiveCfg = Release|Any CPU
		{529B7235-E7BB-4678-AF3A-1FE0059CCA2D}.Release|x86.Build.0 = Release|Any CPU
		{3C10A586-0FF8-4040-9C16-D21780476482}.Debug|Any CPU.ActiveCfg = Debug|Any CPU
		{3C10A586-0FF8-4040-9C16-D21780476482}.Debug|Any CPU.Build.0 = Debug|Any CPU
		{3C10A586-0FF8-4040-9C16-D21780476482}.Debug|x64.ActiveCfg = Debug|Any CPU
		{3C10A586-0FF8-4040-9C16-D21780476482}.Debug|x64.Build.0 = Debug|Any CPU
		{3C10A586-0FF8-4040-9C16-D21780476482}.Debug|x86.ActiveCfg = Debug|Any CPU
		{3C10A586-0FF8-4040-9C16-D21780476482}.Debug|x86.Build.0 = Debug|Any CPU
		{3C10A586-0FF8-4040-9C16-D21780476482}.Release|Any CPU.ActiveCfg = Release|Any CPU
		{3C10A586-0FF8-4040-9C16-D21780476482}.Release|Any CPU.Build.0 = Release|Any CPU
		{3C10A586-0FF8-4040-9C16-D21780476482}.Release|x64.ActiveCfg = Release|Any CPU
		{3C10A586-0FF8-4040-9C16-D21780476482}.Release|x64.Build.0 = Release|Any CPU
		{3C10A586-0FF8-4040-9C16-D21780476482}.Release|x86.ActiveCfg = Release|Any CPU
		{3C10A586-0FF8-4040-9C16-D21780476482}.Release|x86.Build.0 = Release|Any CPU
		{40D0ED15-308D-439C-BC6F-4CFA338A9251}.Debug|Any CPU.ActiveCfg = Debug|Any CPU
		{40D0ED15-308D-439C-BC6F-4CFA338A9251}.Debug|Any CPU.Build.0 = Debug|Any CPU
		{40D0ED15-308D-439C-BC6F-4CFA338A9251}.Debug|x64.ActiveCfg = Debug|Any CPU
		{40D0ED15-308D-439C-BC6F-4CFA338A9251}.Debug|x64.Build.0 = Debug|Any CPU
		{40D0ED15-308D-439C-BC6F-4CFA338A9251}.Debug|x86.ActiveCfg = Debug|Any CPU
		{40D0ED15-308D-439C-BC6F-4CFA338A9251}.Debug|x86.Build.0 = Debug|Any CPU
		{40D0ED15-308D-439C-BC6F-4CFA338A9251}.Release|Any CPU.ActiveCfg = Release|Any CPU
		{40D0ED15-308D-439C-BC6F-4CFA338A9251}.Release|Any CPU.Build.0 = Release|Any CPU
		{40D0ED15-308D-439C-BC6F-4CFA338A9251}.Release|x64.ActiveCfg = Release|Any CPU
		{40D0ED15-308D-439C-BC6F-4CFA338A9251}.Release|x64.Build.0 = Release|Any CPU
		{40D0ED15-308D-439C-BC6F-4CFA338A9251}.Release|x86.ActiveCfg = Release|Any CPU
		{40D0ED15-308D-439C-BC6F-4CFA338A9251}.Release|x86.Build.0 = Release|Any CPU
		{A51F8803-ED10-4023-B6C2-D65FF7305311}.Debug|Any CPU.ActiveCfg = Debug|Any CPU
		{A51F8803-ED10-4023-B6C2-D65FF7305311}.Debug|Any CPU.Build.0 = Debug|Any CPU
		{A51F8803-ED10-4023-B6C2-D65FF7305311}.Debug|x64.ActiveCfg = Debug|Any CPU
		{A51F8803-ED10-4023-B6C2-D65FF7305311}.Debug|x64.Build.0 = Debug|Any CPU
		{A51F8803-ED10-4023-B6C2-D65FF7305311}.Debug|x86.ActiveCfg = Debug|Any CPU
		{A51F8803-ED10-4023-B6C2-D65FF7305311}.Debug|x86.Build.0 = Debug|Any CPU
		{A51F8803-ED10-4023-B6C2-D65FF7305311}.Release|Any CPU.ActiveCfg = Release|Any CPU
		{A51F8803-ED10-4023-B6C2-D65FF7305311}.Release|Any CPU.Build.0 = Release|Any CPU
		{A51F8803-ED10-4023-B6C2-D65FF7305311}.Release|x64.ActiveCfg = Release|Any CPU
		{A51F8803-ED10-4023-B6C2-D65FF7305311}.Release|x64.Build.0 = Release|Any CPU
		{A51F8803-ED10-4023-B6C2-D65FF7305311}.Release|x86.ActiveCfg = Release|Any CPU
		{A51F8803-ED10-4023-B6C2-D65FF7305311}.Release|x86.Build.0 = Release|Any CPU
		{AD4AFC70-55B8-4626-BA6C-639EBC57CCCA}.Debug|Any CPU.ActiveCfg = Debug|Any CPU
		{AD4AFC70-55B8-4626-BA6C-639EBC57CCCA}.Debug|Any CPU.Build.0 = Debug|Any CPU
		{AD4AFC70-55B8-4626-BA6C-639EBC57CCCA}.Debug|x64.ActiveCfg = Debug|Any CPU
		{AD4AFC70-55B8-4626-BA6C-639EBC57CCCA}.Debug|x64.Build.0 = Debug|Any CPU
		{AD4AFC70-55B8-4626-BA6C-639EBC57CCCA}.Debug|x86.ActiveCfg = Debug|Any CPU
		{AD4AFC70-55B8-4626-BA6C-639EBC57CCCA}.Debug|x86.Build.0 = Debug|Any CPU
		{AD4AFC70-55B8-4626-BA6C-639EBC57CCCA}.Release|Any CPU.ActiveCfg = Release|Any CPU
		{AD4AFC70-55B8-4626-BA6C-639EBC57CCCA}.Release|Any CPU.Build.0 = Release|Any CPU
		{AD4AFC70-55B8-4626-BA6C-639EBC57CCCA}.Release|x64.ActiveCfg = Release|Any CPU
		{AD4AFC70-55B8-4626-BA6C-639EBC57CCCA}.Release|x64.Build.0 = Release|Any CPU
		{AD4AFC70-55B8-4626-BA6C-639EBC57CCCA}.Release|x86.ActiveCfg = Release|Any CPU
		{AD4AFC70-55B8-4626-BA6C-639EBC57CCCA}.Release|x86.Build.0 = Release|Any CPU
		{B4F2F25F-DB8F-452E-810A-07F73115563D}.Debug|Any CPU.ActiveCfg = Debug|Any CPU
		{B4F2F25F-DB8F-452E-810A-07F73115563D}.Debug|Any CPU.Build.0 = Debug|Any CPU
		{B4F2F25F-DB8F-452E-810A-07F73115563D}.Debug|x64.ActiveCfg = Debug|Any CPU
		{B4F2F25F-DB8F-452E-810A-07F73115563D}.Debug|x64.Build.0 = Debug|Any CPU
		{B4F2F25F-DB8F-452E-810A-07F73115563D}.Debug|x86.ActiveCfg = Debug|Any CPU
		{B4F2F25F-DB8F-452E-810A-07F73115563D}.Debug|x86.Build.0 = Debug|Any CPU
		{B4F2F25F-DB8F-452E-810A-07F73115563D}.Release|Any CPU.ActiveCfg = Release|Any CPU
		{B4F2F25F-DB8F-452E-810A-07F73115563D}.Release|Any CPU.Build.0 = Release|Any CPU
		{B4F2F25F-DB8F-452E-810A-07F73115563D}.Release|x64.ActiveCfg = Release|Any CPU
		{B4F2F25F-DB8F-452E-810A-07F73115563D}.Release|x64.Build.0 = Release|Any CPU
		{B4F2F25F-DB8F-452E-810A-07F73115563D}.Release|x86.ActiveCfg = Release|Any CPU
		{B4F2F25F-DB8F-452E-810A-07F73115563D}.Release|x86.Build.0 = Release|Any CPU
		{6535EBED-13A7-4514-B8CD-20A0C1D2DE45}.Debug|Any CPU.ActiveCfg = Debug|Any CPU
		{6535EBED-13A7-4514-B8CD-20A0C1D2DE45}.Debug|Any CPU.Build.0 = Debug|Any CPU
		{6535EBED-13A7-4514-B8CD-20A0C1D2DE45}.Debug|x64.ActiveCfg = Debug|Any CPU
		{6535EBED-13A7-4514-B8CD-20A0C1D2DE45}.Debug|x64.Build.0 = Debug|Any CPU
		{6535EBED-13A7-4514-B8CD-20A0C1D2DE45}.Debug|x86.ActiveCfg = Debug|Any CPU
		{6535EBED-13A7-4514-B8CD-20A0C1D2DE45}.Debug|x86.Build.0 = Debug|Any CPU
		{6535EBED-13A7-4514-B8CD-20A0C1D2DE45}.Release|Any CPU.ActiveCfg = Release|Any CPU
		{6535EBED-13A7-4514-B8CD-20A0C1D2DE45}.Release|Any CPU.Build.0 = Release|Any CPU
		{6535EBED-13A7-4514-B8CD-20A0C1D2DE45}.Release|x64.ActiveCfg = Release|Any CPU
		{6535EBED-13A7-4514-B8CD-20A0C1D2DE45}.Release|x64.Build.0 = Release|Any CPU
		{6535EBED-13A7-4514-B8CD-20A0C1D2DE45}.Release|x86.ActiveCfg = Release|Any CPU
		{6535EBED-13A7-4514-B8CD-20A0C1D2DE45}.Release|x86.Build.0 = Release|Any CPU
		{6315D010-F907-48B1-9457-5DF970B0B9CE}.Debug|Any CPU.ActiveCfg = Debug|Any CPU
		{6315D010-F907-48B1-9457-5DF970B0B9CE}.Debug|Any CPU.Build.0 = Debug|Any CPU
		{6315D010-F907-48B1-9457-5DF970B0B9CE}.Debug|x64.ActiveCfg = Debug|Any CPU
		{6315D010-F907-48B1-9457-5DF970B0B9CE}.Debug|x64.Build.0 = Debug|Any CPU
		{6315D010-F907-48B1-9457-5DF970B0B9CE}.Debug|x86.ActiveCfg = Debug|Any CPU
		{6315D010-F907-48B1-9457-5DF970B0B9CE}.Debug|x86.Build.0 = Debug|Any CPU
		{6315D010-F907-48B1-9457-5DF970B0B9CE}.Release|Any CPU.ActiveCfg = Release|Any CPU
		{6315D010-F907-48B1-9457-5DF970B0B9CE}.Release|Any CPU.Build.0 = Release|Any CPU
		{6315D010-F907-48B1-9457-5DF970B0B9CE}.Release|x64.ActiveCfg = Release|Any CPU
		{6315D010-F907-48B1-9457-5DF970B0B9CE}.Release|x64.Build.0 = Release|Any CPU
		{6315D010-F907-48B1-9457-5DF970B0B9CE}.Release|x86.ActiveCfg = Release|Any CPU
		{6315D010-F907-48B1-9457-5DF970B0B9CE}.Release|x86.Build.0 = Release|Any CPU
		{88CE535F-8F1A-4198-80E2-41391DE25C8B}.Debug|Any CPU.ActiveCfg = Debug|Any CPU
		{88CE535F-8F1A-4198-80E2-41391DE25C8B}.Debug|Any CPU.Build.0 = Debug|Any CPU
		{88CE535F-8F1A-4198-80E2-41391DE25C8B}.Debug|x64.ActiveCfg = Debug|Any CPU
		{88CE535F-8F1A-4198-80E2-41391DE25C8B}.Debug|x64.Build.0 = Debug|Any CPU
		{88CE535F-8F1A-4198-80E2-41391DE25C8B}.Debug|x86.ActiveCfg = Debug|Any CPU
		{88CE535F-8F1A-4198-80E2-41391DE25C8B}.Debug|x86.Build.0 = Debug|Any CPU
		{88CE535F-8F1A-4198-80E2-41391DE25C8B}.Release|Any CPU.ActiveCfg = Release|Any CPU
		{88CE535F-8F1A-4198-80E2-41391DE25C8B}.Release|Any CPU.Build.0 = Release|Any CPU
		{88CE535F-8F1A-4198-80E2-41391DE25C8B}.Release|x64.ActiveCfg = Release|Any CPU
		{88CE535F-8F1A-4198-80E2-41391DE25C8B}.Release|x64.Build.0 = Release|Any CPU
		{88CE535F-8F1A-4198-80E2-41391DE25C8B}.Release|x86.ActiveCfg = Release|Any CPU
		{88CE535F-8F1A-4198-80E2-41391DE25C8B}.Release|x86.Build.0 = Release|Any CPU
		{B6C51DF4-2E05-4DDB-BA3D-373DCE4263AA}.Debug|Any CPU.ActiveCfg = Debug|Any CPU
		{B6C51DF4-2E05-4DDB-BA3D-373DCE4263AA}.Debug|Any CPU.Build.0 = Debug|Any CPU
		{B6C51DF4-2E05-4DDB-BA3D-373DCE4263AA}.Debug|x64.ActiveCfg = Debug|Any CPU
		{B6C51DF4-2E05-4DDB-BA3D-373DCE4263AA}.Debug|x64.Build.0 = Debug|Any CPU
		{B6C51DF4-2E05-4DDB-BA3D-373DCE4263AA}.Debug|x86.ActiveCfg = Debug|Any CPU
		{B6C51DF4-2E05-4DDB-BA3D-373DCE4263AA}.Debug|x86.Build.0 = Debug|Any CPU
		{B6C51DF4-2E05-4DDB-BA3D-373DCE4263AA}.Release|Any CPU.ActiveCfg = Release|Any CPU
		{B6C51DF4-2E05-4DDB-BA3D-373DCE4263AA}.Release|Any CPU.Build.0 = Release|Any CPU
		{B6C51DF4-2E05-4DDB-BA3D-373DCE4263AA}.Release|x64.ActiveCfg = Release|Any CPU
		{B6C51DF4-2E05-4DDB-BA3D-373DCE4263AA}.Release|x64.Build.0 = Release|Any CPU
		{B6C51DF4-2E05-4DDB-BA3D-373DCE4263AA}.Release|x86.ActiveCfg = Release|Any CPU
		{B6C51DF4-2E05-4DDB-BA3D-373DCE4263AA}.Release|x86.Build.0 = Release|Any CPU
		{48BA5692-3E78-4494-AAA4-B616EE4831EC}.Debug|Any CPU.ActiveCfg = Debug|Any CPU
		{48BA5692-3E78-4494-AAA4-B616EE4831EC}.Debug|Any CPU.Build.0 = Debug|Any CPU
		{48BA5692-3E78-4494-AAA4-B616EE4831EC}.Debug|x64.ActiveCfg = Debug|Any CPU
		{48BA5692-3E78-4494-AAA4-B616EE4831EC}.Debug|x64.Build.0 = Debug|Any CPU
		{48BA5692-3E78-4494-AAA4-B616EE4831EC}.Debug|x86.ActiveCfg = Debug|Any CPU
		{48BA5692-3E78-4494-AAA4-B616EE4831EC}.Debug|x86.Build.0 = Debug|Any CPU
		{48BA5692-3E78-4494-AAA4-B616EE4831EC}.Release|Any CPU.ActiveCfg = Release|Any CPU
		{48BA5692-3E78-4494-AAA4-B616EE4831EC}.Release|Any CPU.Build.0 = Release|Any CPU
		{48BA5692-3E78-4494-AAA4-B616EE4831EC}.Release|x64.ActiveCfg = Release|Any CPU
		{48BA5692-3E78-4494-AAA4-B616EE4831EC}.Release|x64.Build.0 = Release|Any CPU
		{48BA5692-3E78-4494-AAA4-B616EE4831EC}.Release|x86.ActiveCfg = Release|Any CPU
		{48BA5692-3E78-4494-AAA4-B616EE4831EC}.Release|x86.Build.0 = Release|Any CPU
		{D5C2A5F4-0924-4DC1-86C2-29E5F4FD6C80}.Debug|Any CPU.ActiveCfg = Debug|Any CPU
		{D5C2A5F4-0924-4DC1-86C2-29E5F4FD6C80}.Debug|Any CPU.Build.0 = Debug|Any CPU
		{D5C2A5F4-0924-4DC1-86C2-29E5F4FD6C80}.Debug|x64.ActiveCfg = Debug|Any CPU
		{D5C2A5F4-0924-4DC1-86C2-29E5F4FD6C80}.Debug|x64.Build.0 = Debug|Any CPU
		{D5C2A5F4-0924-4DC1-86C2-29E5F4FD6C80}.Debug|x86.ActiveCfg = Debug|Any CPU
		{D5C2A5F4-0924-4DC1-86C2-29E5F4FD6C80}.Debug|x86.Build.0 = Debug|Any CPU
		{D5C2A5F4-0924-4DC1-86C2-29E5F4FD6C80}.Release|Any CPU.ActiveCfg = Release|Any CPU
		{D5C2A5F4-0924-4DC1-86C2-29E5F4FD6C80}.Release|Any CPU.Build.0 = Release|Any CPU
		{D5C2A5F4-0924-4DC1-86C2-29E5F4FD6C80}.Release|x64.ActiveCfg = Release|Any CPU
		{D5C2A5F4-0924-4DC1-86C2-29E5F4FD6C80}.Release|x64.Build.0 = Release|Any CPU
		{D5C2A5F4-0924-4DC1-86C2-29E5F4FD6C80}.Release|x86.ActiveCfg = Release|Any CPU
		{D5C2A5F4-0924-4DC1-86C2-29E5F4FD6C80}.Release|x86.Build.0 = Release|Any CPU
		{FD34468E-97DA-4435-8B1B-E90BE2B9A047}.Debug|Any CPU.ActiveCfg = Debug|Any CPU
		{FD34468E-97DA-4435-8B1B-E90BE2B9A047}.Debug|Any CPU.Build.0 = Debug|Any CPU
		{FD34468E-97DA-4435-8B1B-E90BE2B9A047}.Debug|x64.ActiveCfg = Debug|Any CPU
		{FD34468E-97DA-4435-8B1B-E90BE2B9A047}.Debug|x64.Build.0 = Debug|Any CPU
		{FD34468E-97DA-4435-8B1B-E90BE2B9A047}.Debug|x86.ActiveCfg = Debug|Any CPU
		{FD34468E-97DA-4435-8B1B-E90BE2B9A047}.Debug|x86.Build.0 = Debug|Any CPU
		{FD34468E-97DA-4435-8B1B-E90BE2B9A047}.Release|Any CPU.ActiveCfg = Release|Any CPU
		{FD34468E-97DA-4435-8B1B-E90BE2B9A047}.Release|Any CPU.Build.0 = Release|Any CPU
		{FD34468E-97DA-4435-8B1B-E90BE2B9A047}.Release|x64.ActiveCfg = Release|Any CPU
		{FD34468E-97DA-4435-8B1B-E90BE2B9A047}.Release|x64.Build.0 = Release|Any CPU
		{FD34468E-97DA-4435-8B1B-E90BE2B9A047}.Release|x86.ActiveCfg = Release|Any CPU
		{FD34468E-97DA-4435-8B1B-E90BE2B9A047}.Release|x86.Build.0 = Release|Any CPU
		{A8C7E351-5F12-4B9D-AA81-3F27B6E4D9C5}.Debug|Any CPU.ActiveCfg = Debug|Any CPU
		{A8C7E351-5F12-4B9D-AA81-3F27B6E4D9C5}.Debug|Any CPU.Build.0 = Debug|Any CPU
		{A8C7E351-5F12-4B9D-AA81-3F27B6E4D9C5}.Debug|x64.ActiveCfg = Debug|Any CPU
		{A8C7E351-5F12-4B9D-AA81-3F27B6E4D9C5}.Debug|x64.Build.0 = Debug|Any CPU
		{A8C7E351-5F12-4B9D-AA81-3F27B6E4D9C5}.Debug|x86.ActiveCfg = Debug|Any CPU
		{A8C7E351-5F12-4B9D-AA81-3F27B6E4D9C5}.Debug|x86.Build.0 = Debug|Any CPU
		{A8C7E351-5F12-4B9D-AA81-3F27B6E4D9C5}.Release|Any CPU.ActiveCfg = Release|Any CPU
		{A8C7E351-5F12-4B9D-AA81-3F27B6E4D9C5}.Release|Any CPU.Build.0 = Release|Any CPU
		{A8C7E351-5F12-4B9D-AA81-3F27B6E4D9C5}.Release|x64.ActiveCfg = Release|Any CPU
		{A8C7E351-5F12-4B9D-AA81-3F27B6E4D9C5}.Release|x64.Build.0 = Release|Any CPU
		{A8C7E351-5F12-4B9D-AA81-3F27B6E4D9C5}.Release|x86.ActiveCfg = Release|Any CPU
		{A8C7E351-5F12-4B9D-AA81-3F27B6E4D9C5}.Release|x86.Build.0 = Release|Any CPU
		{53E61230-CB38-4590-B489-E3F0C136CA20}.Debug|Any CPU.ActiveCfg = Debug|Any CPU
		{53E61230-CB38-4590-B489-E3F0C136CA20}.Debug|Any CPU.Build.0 = Debug|Any CPU
		{53E61230-CB38-4590-B489-E3F0C136CA20}.Debug|x64.ActiveCfg = Debug|Any CPU
		{53E61230-CB38-4590-B489-E3F0C136CA20}.Debug|x64.Build.0 = Debug|Any CPU
		{53E61230-CB38-4590-B489-E3F0C136CA20}.Debug|x86.ActiveCfg = Debug|Any CPU
		{53E61230-CB38-4590-B489-E3F0C136CA20}.Debug|x86.Build.0 = Debug|Any CPU
		{53E61230-CB38-4590-B489-E3F0C136CA20}.Release|Any CPU.ActiveCfg = Release|Any CPU
		{53E61230-CB38-4590-B489-E3F0C136CA20}.Release|Any CPU.Build.0 = Release|Any CPU
		{53E61230-CB38-4590-B489-E3F0C136CA20}.Release|x64.ActiveCfg = Release|Any CPU
		{53E61230-CB38-4590-B489-E3F0C136CA20}.Release|x64.Build.0 = Release|Any CPU
		{53E61230-CB38-4590-B489-E3F0C136CA20}.Release|x86.ActiveCfg = Release|Any CPU
		{53E61230-CB38-4590-B489-E3F0C136CA20}.Release|x86.Build.0 = Release|Any CPU
		{8A04DFE0-65C7-4474-AA1A-1E44A0E2A33F}.Debug|Any CPU.ActiveCfg = Debug|Any CPU
		{8A04DFE0-65C7-4474-AA1A-1E44A0E2A33F}.Debug|Any CPU.Build.0 = Debug|Any CPU
		{8A04DFE0-65C7-4474-AA1A-1E44A0E2A33F}.Debug|x64.ActiveCfg = Debug|Any CPU
		{8A04DFE0-65C7-4474-AA1A-1E44A0E2A33F}.Debug|x64.Build.0 = Debug|Any CPU
		{8A04DFE0-65C7-4474-AA1A-1E44A0E2A33F}.Debug|x86.ActiveCfg = Debug|Any CPU
		{8A04DFE0-65C7-4474-AA1A-1E44A0E2A33F}.Debug|x86.Build.0 = Debug|Any CPU
		{8A04DFE0-65C7-4474-AA1A-1E44A0E2A33F}.Release|Any CPU.ActiveCfg = Release|Any CPU
		{8A04DFE0-65C7-4474-AA1A-1E44A0E2A33F}.Release|Any CPU.Build.0 = Release|Any CPU
		{8A04DFE0-65C7-4474-AA1A-1E44A0E2A33F}.Release|x64.ActiveCfg = Release|Any CPU
		{8A04DFE0-65C7-4474-AA1A-1E44A0E2A33F}.Release|x64.Build.0 = Release|Any CPU
		{8A04DFE0-65C7-4474-AA1A-1E44A0E2A33F}.Release|x86.ActiveCfg = Release|Any CPU
		{8A04DFE0-65C7-4474-AA1A-1E44A0E2A33F}.Release|x86.Build.0 = Release|Any CPU
	EndGlobalSection
	GlobalSection(SolutionProperties) = preSolution
		HideSolutionNode = FALSE
	EndGlobalSection
	GlobalSection(RiderSharedRunConfigurations) = postSolution
		File = .run\Publish RayMigrator (win_intel_x64) to folder.run.xml
	EndGlobalSection
EndGlobal
